
Microsoft Visual Studio Solution File, Format Version 12.00
# Visual Studio Version 17
VisualStudioVersion = 17.11.35431.28
MinimumVisualStudioVersion = 10.0.40219.1
Project("{9A19103F-16F7-4668-BE54-9A1E7A4F7556}") = "CustomCopilot", "tokenAI\CustomCopilot.csproj", "{01570CFC-2E4D-4B7C-98F9-87A1D8E87668}"
EndProject
Global
	GlobalSection(SolutionConfigurationPlatforms) = preSolution
		Debug|Any CPU = Debug|Any CPU
		Release|Any CPU = Release|Any CPU
	EndGlobalSection
	GlobalSection(ProjectConfigurationPlatforms) = postSolution
		{01570CFC-2E4D-4B7C-98F9-87A1D8E87668}.Debug|Any CPU.ActiveCfg = Debug|Any CPU
		{01570CFC-2E4D-4B7C-98F9-87A1D8E87668}.Debug|Any CPU.Build.0 = Debug|Any CPU
		{01570CFC-2E4D-4B7C-98F9-87A1D8E87668}.Release|Any CPU.ActiveCfg = Release|Any CPU
		{01570CFC-2E4D-4B7C-98F9-87A1D8E87668}.Release|Any CPU.Build.0 = Release|Any CPU
	EndGlobalSection
	GlobalSection(SolutionProperties) = preSolution
		HideSolutionNode = FALSE
	EndGlobalSection
	GlobalSection(ExtensibilityGlobals) = postSolution
		SolutionGuid = {AABFC2A5-2C6E-4F1F-BF8E-6BC9CEF37786}
	EndGlobalSection
EndGlobal
